
Microsoft Visual Studio Solution File, Format Version 12.00
Project("{FAE04EC0-301F-11D3-BF4B-00C04F79EFBC}") = "TRHook", "TRHook\TRHook.csproj", "{9107F6CE-7541-4D36-B83B-0915C865001B}"
EndProject
Global
	GlobalSection(SolutionConfigurationPlatforms) = preSolution
		Debug|Any CPU = Debug|Any CPU
		Release|Any CPU = Release|Any CPU
	EndGlobalSection
	GlobalSection(ProjectConfigurationPlatforms) = postSolution
		{9107F6CE-7541-4D36-B83B-0915C865001B}.Debug|Any CPU.ActiveCfg = Debug|Any CPU
		{9107F6CE-7541-4D36-B83B-0915C865001B}.Debug|Any CPU.Build.0 = Debug|Any CPU
		{9107F6CE-7541-4D36-B83B-0915C865001B}.Release|Any CPU.ActiveCfg = Release|Any CPU
		{9107F6CE-7541-4D36-B83B-0915C865001B}.Release|Any CPU.Build.0 = Release|Any CPU
	EndGlobalSection
EndGlobal
